
Microsoft Visual Studio Solution File, Format Version 12.00
# Visual Studio Version 16
VisualStudioVersion = 16.0.37206.5
MinimumVisualStudioVersion = 10.0.40219.1
Project("{FAE04EC0-301F-11D3-BF4B-00C04F79EFBC}") = "Gestion_Salle_classe", "Gestion_Salle_classe.csproj", "{558EAFFD-9E40-4F6E-94DE-B0FAC7DB2073}"
EndProject
Global
	GlobalSection(SolutionConfigurationPlatforms) = preSolution
		Debug|Any CPU = Debug|Any CPU
		Release|Any CPU = Release|Any CPU
	EndGlobalSection
	GlobalSection(ProjectConfigurationPlatforms) = postSolution
		{558EAFFD-9E40-4F6E-94DE-B0FAC7DB2073}.Debug|Any CPU.ActiveCfg = Debug|Any CPU
		{558EAFFD-9E40-4F6E-94DE-B0FAC7DB2073}.Debug|Any CPU.Build.0 = Debug|Any CPU
		{558EAFFD-9E40-4F6E-94DE-B0FAC7DB2073}.Release|Any CPU.ActiveCfg = Release|Any CPU
		{558EAFFD-9E40-4F6E-94DE-B0FAC7DB2073}.Release|Any CPU.Build.0 = Release|Any CPU
	EndGlobalSection
	GlobalSection(SolutionProperties) = preSolution
		HideSolutionNode = FALSE
	EndGlobalSection
	GlobalSection(ExtensibilityGlobals) = postSolution
		SolutionGuid = {88DF4A66-4F41-41BD-9502-B24B0903199F}
	EndGlobalSection
EndGlobal
